
Microsoft Visual Studio Solution File, Format Version 12.00
# Visual Studio 2013
VisualStudioVersion = 12.0.21005.1
MinimumVisualStudioVersion = 10.0.40219.1
Project("{8BC9CEB8-8B4A-11D0-8D11-00A0C91BC942}") = "Game", "Game.vcxproj", "{04D9FA1D-92EE-4E91-8000-DCA7E9405E41}"
EndProject
Project("{8BC9CEB8-8B4A-11D0-8D11-00A0C91BC942}") = "Engine", "Engine\Engine.vcxproj", "{6DBCD565-0982-4C42-AA4E-2900250770DD}"
EndProject
Global
	GlobalSection(SolutionConfigurationPlatforms) = preSolution
		Debug|Win32 = Debug|Win32
		Release|Win32 = Release|Win32
	EndGlobalSection
	GlobalSection(ProjectConfigurationPlatforms) = postSolution
		{04D9FA1D-92EE-4E91-8000-DCA7E9405E41}.Debug|Win32.ActiveCfg = Debug|Win32
		{04D9FA1D-92EE-4E91-8000-DCA7E9405E41}.Debug|Win32.Build.0 = Debug|Win32
		{04D9FA1D-92EE-4E91-8000-DCA7E9405E41}.Debug|Win32.Deploy.0 = Debug|Win32
		{04D9FA1D-92EE-4E91-8000-DCA7E9405E41}.Release|Win32.ActiveCfg = Release|Win32
		{04D9FA1D-92EE-4E91-8000-DCA7E9405E41}.Release|Win32.Build.0 = Release|Win32
		{04D9FA1D-92EE-4E91-8000-DCA7E9405E41}.Release|Win32.Deploy.0 = Release|Win32
		{6DBCD565-0982-4C42-AA4E-2900250770DD}.Debug|Win32.ActiveCfg = Debug|Win32
		{6DBCD565-0982-4C42-AA4E-2900250770DD}.Debug|Win32.Build.0 = Debug|Win32
		{6DBCD565-0982-4C42-AA4E-2900250770DD}.Release|Win32.ActiveCfg = Release|Win32
		{6DBCD565-0982-4C42-AA4E-2900250770DD}.Release|Win32.Build.0 = Release|Win32
	EndGlobalSection
	GlobalSection(SolutionProperties) = preSolution
		HideSolutionNode = FALSE
	EndGlobalSection
EndGlobal
