<?xml version="1.0" encoding="utf-8"?>
<Project ToolsVersion="4.0" xmlns="http://schemas.microsoft.com/developer/msbuild/2003">
  <ItemGroup>
    <Filter Include="Source">
      <UniqueIdentifier>{93995380-89BD-4b04-88EB-625FBE52EBFB}</UniqueIdentifier>
      <Extensions>h;hpp;hxx;hm;inl;inc;xsd</Extensions>
    </Filter>
    <Filter Include="Source\lz4">
      <UniqueIdentifier>{4d3dfaeb-f87e-4e23-9ec0-ec2a445d9d51}</UniqueIdentifier>
    </Filter>
    <Filter Include="Source\WorldGenerator">
      <UniqueIdentifier>{bd7af3ce-456b-41a7-94dd-3c9e5db3f1f6}</UniqueIdentifier>
    </Filter>
    <Filter Include="Source\Concurrent">
      <UniqueIdentifier>{8688c7bd-c763-4c5e-8956-87edb068d90e}</UniqueIdentifier>
    </Filter>
  </ItemGroup>
  <ItemGroup>
    <ClInclude Include="src\Block.h">
      <Filter>Source</Filter>
    </ClInclude>
    <ClInclude Include="src\Chunk.h">
      <Filter>Source</Filter>
    </ClInclude>
    <ClInclude Include="src\Serialization.h">
      <Filter>Source</Filter>
    </ClInclude>
    <ClInclude Include="src\stdafx.h">
      <Filter>Source</Filter>
    </ClInclude>
    <ClInclude Include="src\World.h">
      <Filter>Source</Filter>
    </ClInclude>
    <ClInclude Include="src\TileManager.h">
      <Filter>Source</Filter>
    </ClInclude>
    <ClInclude Include="src\BlockType.h">
      <Filter>Source</Filter>
    </ClInclude>
    <ClInclude Include="src\TriangleCollector.h">
      <Filter>Source</Filter>
    </ClInclude>
    <ClInclude Include="src\Noise.h">
      <Filter>Source</Filter>
    </ClInclude>
    <ClInclude Include="src\ShortcutItemUI.h">
      <Filter>Source</Filter>
    </ClInclude>
    <ClInclude Include="src\Queue.h">
      <Filter>Source</Filter>
    </ClInclude>
    <ClInclude Include="src\Database.h">
      <Filter>Source</Filter>
    </ClInclude>
    <ClInclude Include="src\lz4\lz4.h">
      <Filter>Source\lz4</Filter>
    </ClInclude>
    <ClInclude Include="src\Hash.h">
      <Filter>Source</Filter>
    </ClInclude>
    <ClInclude Include="src\PlayerAnimator.h">
      <Filter>Source</Filter>
    </ClInclude>
    <ClInclude Include="src\ChunkSceneNode.h">
      <Filter>Source</Filter>
    </ClInclude>
    <ClInclude Include="src\MathHelper.h">
      <Filter>Source</Filter>
    </ClInclude>
    <ClInclude Include="src\WorldGenerator\WorldManipulator.h">
      <Filter>Source\WorldGenerator</Filter>
    </ClInclude>
    <ClInclude Include="src\WorldGenerator\TerrainGenerator.h">
      <Filter>Source\WorldGenerator</Filter>
    </ClInclude>
    <ClInclude Include="src\WorldGenerator\WorldGenerator.h">
      <Filter>Source\WorldGenerator</Filter>
    </ClInclude>
    <ClInclude Include="src\WorldGenerator\TreeGenerator.h">
      <Filter>Source\WorldGenerator</Filter>
    </ClInclude>
    <ClInclude Include="src\Concurrent\ConcurrentMemoryPool.h">
      <Filter>Source\Concurrent</Filter>
    </ClInclude>
  </ItemGroup>
  <ItemGroup>
    <ClCompile Include="src\lz4\lz4.c">
      <Filter>Source\lz4</Filter>
    </ClCompile>
    <ClCompile Include="src\Block.cpp">
      <Filter>Source</Filter>
    </ClCompile>
    <ClCompile Include="src\BlockType.cpp">
      <Filter>Source</Filter>
    </ClCompile>
    <ClCompile Include="src\Chunk.cpp">
      <Filter>Source</Filter>
    </ClCompile>
    <ClCompile Include="src\ChunkSceneNode.cpp">
      <Filter>Source</Filter>
    </ClCompile>
    <ClCompile Include="src\Database.cpp">
      <Filter>Source</Filter>
    </ClCompile>
    <ClCompile Include="src\Deserializer.cpp">
      <Filter>Source</Filter>
    </ClCompile>
    <ClCompile Include="src\Main.cpp">
      <Filter>Source</Filter>
    </ClCompile>
    <ClCompile Include="src\Noise.cpp">
      <Filter>Source</Filter>
    </ClCompile>
    <ClCompile Include="src\PlayerAnimator.cpp">
      <Filter>Source</Filter>
    </ClCompile>
    <ClCompile Include="src\Serializer.cpp">
      <Filter>Source</Filter>
    </ClCompile>
    <ClCompile Include="src\ShortcutItemUI.cpp">
      <Filter>Source</Filter>
    </ClCompile>
    <ClCompile Include="src\stdafx.cpp">
      <Filter>Source</Filter>
    </ClCompile>
    <ClCompile Include="src\TileManager.cpp">
      <Filter>Source</Filter>
    </ClCompile>
    <ClCompile Include="src\TriangleCollector.cpp">
      <Filter>Source</Filter>
    </ClCompile>
    <ClCompile Include="src\World.cpp">
      <Filter>Source</Filter>
    </ClCompile>
    <ClCompile Include="src\WorldGenerator\WorldGenerator.cpp">
      <Filter>Source\WorldGenerator</Filter>
    </ClCompile>
  </ItemGroup>
</Project>